
Microsoft Visual Studio Solution File, Format Version 12.00
# Visual Studio 15
VisualStudioVersion = 15.0.28307.489
MinimumVisualStudioVersion = 10.0.40219.1
Project("{FAE04EC0-301F-11D3-BF4B-00C04F79EFBC}") = "Coursework", "Coursework\Coursework.csproj", "{9931D097-E738-424B-9812-0E805FE86D66}"
EndProject
Global
	GlobalSection(SolutionConfigurationPlatforms) = preSolution
		Debug|Any CPU = Debug|Any CPU
		Release|Any CPU = Release|Any CPU
	EndGlobalSection
	GlobalSection(ProjectConfigurationPlatforms) = postSolution
		{9931D097-E738-424B-9812-0E805FE86D66}.Debug|Any CPU.ActiveCfg = Debug|Any CPU
		{9931D097-E738-424B-9812-0E805FE86D66}.Debug|Any CPU.Build.0 = Debug|Any CPU
		{9931D097-E738-424B-9812-0E805FE86D66}.Release|Any CPU.ActiveCfg = Release|Any CPU
		{9931D097-E738-424B-9812-0E805FE86D66}.Release|Any CPU.Build.0 = Release|Any CPU
	EndGlobalSection
	GlobalSection(SolutionProperties) = preSolution
		HideSolutionNode = FALSE
	EndGlobalSection
	GlobalSection(ExtensibilityGlobals) = postSolution
		SolutionGuid = {0CEF9D8E-95A5-4B1F-9BC9-77CE547ACDEF}
	EndGlobalSection
EndGlobal
